github.com/golang/snappy v1.0.0 h1:Oy607GVXHs7RtbggtPBnr2RmDArIsAefDwvrdWvRhGs=
github.com/golang/snappy v1.0.0/go.mod h1:/XxbfmMg8lxefKM7IXC3fBNl/7bRcc72aCRzEWrmP2Q=
github.com/sijms/go-ora/v2 v2.8.24 h1:TODRWjWGwJ1VlBOhbTLat+diTYe8HXq2soJeB+HMjnw=
github.com/sijms/go-ora/v2 v2.8.24/go.mod h1:QgFInVi3ZWyqAiJwzBQA+nbKYKH77tdp1PYoCqhR2dU=
github.com/ywhking/gorm-dameng v1.0.1 h1:8QKm90mAedUiey8QtiqUfdz6MqEUjXtFvbMBs09VM7A=
github.com/ywhking/gorm-dameng v1.0.1/go.mod h1:x5UALPO/mpFkrwsByPFCCpcXTSsynhckPVcF0JvmEOA=
golang.org/x/text v0.22.0 h1:bofq7m3/HAFvbF51jz3Q9wLg3jkvSPuiZu/pD1XwgtM=
golang.org/x/text v0.22.0/go.mod h1:YRoo4H8PVmsu+E3Ou7cqLVH8oXWIHVoX0jqUWALQhfY=
